
Microsoft Visual Studio Solution File, Format Version 12.00
# Visual Studio Version 17
VisualStudioVersion = 17.4.33213.308
MinimumVisualStudioVersion = 10.0.40219.1
Project("{FAE04EC0-301F-11D3-BF4B-00C04F79EFBC}") = "SistemaVenda", "SistemaVenda\SistemaVenda.csproj", "{C07D573E-75FE-4181-A2EB-C5B326396DF0}"
EndProject
Global
	GlobalSection(SolutionConfigurationPlatforms) = preSolution
		Debug|Any CPU = Debug|Any CPU
		Release|Any CPU = Release|Any CPU
	EndGlobalSection
	GlobalSection(ProjectConfigurationPlatforms) = postSolution
		{C07D573E-75FE-4181-A2EB-C5B326396DF0}.Debug|Any CPU.ActiveCfg = Debug|Any CPU
		{C07D573E-75FE-4181-A2EB-C5B326396DF0}.Debug|Any CPU.Build.0 = Debug|Any CPU
		{C07D573E-75FE-4181-A2EB-C5B326396DF0}.Release|Any CPU.ActiveCfg = Release|Any CPU
		{C07D573E-75FE-4181-A2EB-C5B326396DF0}.Release|Any CPU.Build.0 = Release|Any CPU
	EndGlobalSection
	GlobalSection(SolutionProperties) = preSolution
		HideSolutionNode = FALSE
	EndGlobalSection
	GlobalSection(ExtensibilityGlobals) = postSolution
		SolutionGuid = {CEBAC27C-26EC-43F9-A1DB-BD5845901EB1}
	EndGlobalSection
EndGlobal
